
Microsoft Visual Studio Solution File, Format Version 12.00
# Visual Studio Version 17
VisualStudioVersion = 17.0.31903.59
MinimumVisualStudioVersion = 10.0.40219.1
Project("{FAE04EC0-301F-11D3-BF4B-00C04F79EFBC}") = "ModernMediator", "src\ModernMediator\ModernMediator.csproj", "{A1B2C3D4-E5F6-7890-ABCD-EF1234567890}"
EndProject
Project("{FAE04EC0-301F-11D3-BF4B-00C04F79EFBC}") = "ModernMediator.Generators", "src\ModernMediator.Generators\ModernMediator.Generators.csproj", "{B2C3D4E5-F6A7-8901-BCDE-F12345678901}"
EndProject
Project("{FAE04EC0-301F-11D3-BF4B-00C04F79EFBC}") = "ModernMediator.Tests", "tests\ModernMediator.Tests\ModernMediator.Tests.csproj", "{C3D4E5F6-A7B8-9012-CDEF-123456789012}"
EndProject
Project("{2150E333-8FDC-42A3-9474-1A3956D46DE8}") = "src", "src", "{11111111-1111-1111-1111-111111111111}"
EndProject
Project("{2150E333-8FDC-42A3-9474-1A3956D46DE8}") = "tests", "tests", "{22222222-2222-2222-2222-222222222222}"
EndProject
Project("{FAE04EC0-301F-11D3-BF4B-00C04F79EFBC}") = "MordernMediator.Generators.Tests", "tests\MordernMediator.Generators.Tests\MordernMediator.Generators.Tests.csproj", "{7E4E1F2F-87F2-C189-E44E-FECB8DEEF186}"
EndProject
Project("{2150E333-8FDC-42A3-9474-1A3956D46DE8}") = "Solution Items", "Solution Items", "{8EC462FD-D22E-90A8-E5CE-7E832BA40C5D}"
	ProjectSection(SolutionItems) = preProject
		.gitignore = .gitignore
		CHANGELOG.md = CHANGELOG.md
		LICENSE.txt = LICENSE.txt
		docs\ModernMediator-Tutorial.html = docs\ModernMediator-Tutorial.html
		README.md = README.md
	EndProjectSection
EndProject
Project("{FAE04EC0-301F-11D3-BF4B-00C04F79EFBC}") = "ModernMediator.FluentValidation", "src\ModernMediator.FluentValidation\ModernMediator.FluentValidation.csproj", "{F794049E-C15F-499F-BEC1-F4C0FDB28607}"
EndProject
Project("{FAE04EC0-301F-11D3-BF4B-00C04F79EFBC}") = "ModernMediator.FluentValidation.Tests", "tests\ModernMediator.FluentValidation.Tests\ModernMediator.FluentValidation.Tests.csproj", "{4DC55415-E9ED-4C52-9E35-BFF68C71070C}"
EndProject
Project("{FAE04EC0-301F-11D3-BF4B-00C04F79EFBC}") = "ModernMediator.AspNetCore", "src\ModernMediator.AspNetCore\ModernMediator.AspNetCore.csproj", "{0A1B4146-D99A-4F36-A14A-DBF1812D7094}"
EndProject
Project("{FAE04EC0-301F-11D3-BF4B-00C04F79EFBC}") = "ModernMediator.AspNetCore.Generators", "src\ModernMediator.AspNetCore.Generators\ModernMediator.AspNetCore.Generators.csproj", "{DA3B6CF9-EC99-445D-AECB-6BA93E634201}"
EndProject
Project("{FAE04EC0-301F-11D3-BF4B-00C04F79EFBC}") = "ModernMediator.AspNetCore.Tests", "tests\ModernMediator.AspNetCore.Tests\ModernMediator.AspNetCore.Tests.csproj", "{8453C9BE-401D-4200-8AC2-1DD548095534}"
EndProject
Project("{2150E333-8FDC-42A3-9474-1A3956D46DE8}") = "Samples", "Samples", "{5D20AA90-6969-D8BD-9DCD-8634F4692FDA}"
EndProject
Project("{2150E333-8FDC-42A3-9474-1A3956D46DE8}") = "webapi", "webapi", "{1B33C862-9725-3B8F-EC9B-8486E0D9FC1E}"
EndProject
Project("{FAE04EC0-301F-11D3-BF4B-00C04F79EFBC}") = "ModernMediator.Sample.WebApi", "samples\ModernMediator.Sample.WebApi\ModernMediator.Sample.WebApi.csproj", "{FA6FDDB6-956D-4FE6-897C-858D375C5239}"
EndProject
Project("{2150E333-8FDC-42A3-9474-1A3956D46DE8}") = "console", "console", "{315CA803-6594-2960-E914-1C74C996C958}"
EndProject
Project("{FAE04EC0-301F-11D3-BF4B-00C04F79EFBC}") = "ModernMediator.Sample.Console.Basic", "samples\ModernMediator.Sample.Console.Basic\ModernMediator.Sample.Console.Basic.csproj", "{C6AB5E9B-4582-4BAD-AEBC-D86AF108840A}"
EndProject
Project("{FAE04EC0-301F-11D3-BF4B-00C04F79EFBC}") = "ModernMediator.Sample.Console.Domain", "samples\ModernMediator.Sample.Console.Domain\ModernMediator.Sample.Console.Domain.csproj", "{671F823A-B6B7-4A7C-94F5-4BD0561C519D}"
EndProject
Project("{FAE04EC0-301F-11D3-BF4B-00C04F79EFBC}") = "ModernMediator.Sample.Console.PubSub", "samples\ModernMediator.Sample.Console.PubSub\ModernMediator.Sample.Console.PubSub.csproj", "{047D46D2-3134-4B87-AAE2-4DC224B28E1A}"
EndProject
Project("{2150E333-8FDC-42A3-9474-1A3956D46DE8}") = "wpf", "wpf", "{55BA3547-3470-CD79-59FF-90D2902A6C7A}"
EndProject
Project("{FAE04EC0-301F-11D3-BF4B-00C04F79EFBC}") = "ModernMediator.Sample.Wpf.Basic", "samples\ModernMediator.Sample.Wpf.Basic\ModernMediator.Sample.Wpf.Basic.csproj", "{5BC6DA47-FA94-424A-81DD-CF8D2CFC5D45}"
EndProject
Project("{FAE04EC0-301F-11D3-BF4B-00C04F79EFBC}") = "ModernMediator.Sample.Wpf.PubSub", "samples\ModernMediator.Sample.Wpf.PubSub\ModernMediator.Sample.Wpf.PubSub.csproj", "{37B70C4C-2781-4143-B7BB-454E96483897}"
EndProject
Global
	GlobalSection(SolutionConfigurationPlatforms) = preSolution
		Debug|Any CPU = Debug|Any CPU
		Debug|x64 = Debug|x64
		Debug|x86 = Debug|x86
		Release|Any CPU = Release|Any CPU
		Release|x64 = Release|x64
		Release|x86 = Release|x86
	EndGlobalSection
	GlobalSection(ProjectConfigurationPlatforms) = postSolution
		{A1B2C3D4-E5F6-7890-ABCD-EF1234567890}.Debug|Any CPU.ActiveCfg = Debug|Any CPU
		{A1B2C3D4-E5F6-7890-ABCD-EF1234567890}.Debug|Any CPU.Build.0 = Debug|Any CPU
		{A1B2C3D4-E5F6-7890-ABCD-EF1234567890}.Debug|x64.ActiveCfg = Debug|Any CPU
		{A1B2C3D4-E5F6-7890-ABCD-EF1234567890}.Debug|x64.Build.0 = Debug|Any CPU
		{A1B2C3D4-E5F6-7890-ABCD-EF1234567890}.Debug|x86.ActiveCfg = Debug|Any CPU
		{A1B2C3D4-E5F6-7890-ABCD-EF1234567890}.Debug|x86.Build.0 = Debug|Any CPU
		{A1B2C3D4-E5F6-7890-ABCD-EF1234567890}.Release|Any CPU.ActiveCfg = Release|Any CPU
		{A1B2C3D4-E5F6-7890-ABCD-EF1234567890}.Release|Any CPU.Build.0 = Release|Any CPU
		{A1B2C3D4-E5F6-7890-ABCD-EF1234567890}.Release|x64.ActiveCfg = Release|Any CPU
		{A1B2C3D4-E5F6-7890-ABCD-EF1234567890}.Release|x64.Build.0 = Release|Any CPU
		{A1B2C3D4-E5F6-7890-ABCD-EF1234567890}.Release|x86.ActiveCfg = Release|Any CPU
		{A1B2C3D4-E5F6-7890-ABCD-EF1234567890}.Release|x86.Build.0 = Release|Any CPU
		{B2C3D4E5-F6A7-8901-BCDE-F12345678901}.Debug|Any CPU.ActiveCfg = Debug|Any CPU
		{B2C3D4E5-F6A7-8901-BCDE-F12345678901}.Debug|Any CPU.Build.0 = Debug|Any CPU
		{B2C3D4E5-F6A7-8901-BCDE-F12345678901}.Debug|x64.ActiveCfg = Debug|Any CPU
		{B2C3D4E5-F6A7-8901-BCDE-F12345678901}.Debug|x64.Build.0 = Debug|Any CPU
		{B2C3D4E5-F6A7-8901-BCDE-F12345678901}.Debug|x86.ActiveCfg = Debug|Any CPU
		{B2C3D4E5-F6A7-8901-BCDE-F12345678901}.Debug|x86.Build.0 = Debug|Any CPU
		{B2C3D4E5-F6A7-8901-BCDE-F12345678901}.Release|Any CPU.ActiveCfg = Release|Any CPU
		{B2C3D4E5-F6A7-8901-BCDE-F12345678901}.Release|Any CPU.Build.0 = Release|Any CPU
		{B2C3D4E5-F6A7-8901-BCDE-F12345678901}.Release|x64.ActiveCfg = Release|Any CPU
		{B2C3D4E5-F6A7-8901-BCDE-F12345678901}.Release|x64.Build.0 = Release|Any CPU
		{B2C3D4E5-F6A7-8901-BCDE-F12345678901}.Release|x86.ActiveCfg = Release|Any CPU
		{B2C3D4E5-F6A7-8901-BCDE-F12345678901}.Release|x86.Build.0 = Release|Any CPU
		{C3D4E5F6-A7B8-9012-CDEF-123456789012}.Debug|Any CPU.ActiveCfg = Debug|Any CPU
		{C3D4E5F6-A7B8-9012-CDEF-123456789012}.Debug|Any CPU.Build.0 = Debug|Any CPU
		{C3D4E5F6-A7B8-9012-CDEF-123456789012}.Debug|x64.ActiveCfg = Debug|Any CPU
		{C3D4E5F6-A7B8-9012-CDEF-123456789012}.Debug|x64.Build.0 = Debug|Any CPU
		{C3D4E5F6-A7B8-9012-CDEF-123456789012}.Debug|x86.ActiveCfg = Debug|Any CPU
		{C3D4E5F6-A7B8-9012-CDEF-123456789012}.Debug|x86.Build.0 = Debug|Any CPU
		{C3D4E5F6-A7B8-9012-CDEF-123456789012}.Release|Any CPU.ActiveCfg = Release|Any CPU
		{C3D4E5F6-A7B8-9012-CDEF-123456789012}.Release|Any CPU.Build.0 = Release|Any CPU
		{C3D4E5F6-A7B8-9012-CDEF-123456789012}.Release|x64.ActiveCfg = Release|Any CPU
		{C3D4E5F6-A7B8-9012-CDEF-123456789012}.Release|x64.Build.0 = Release|Any CPU
		{C3D4E5F6-A7B8-9012-CDEF-123456789012}.Release|x86.ActiveCfg = Release|Any CPU
		{C3D4E5F6-A7B8-9012-CDEF-123456789012}.Release|x86.Build.0 = Release|Any CPU
		{7E4E1F2F-87F2-C189-E44E-FECB8DEEF186}.Debug|Any CPU.ActiveCfg = Debug|Any CPU
		{7E4E1F2F-87F2-C189-E44E-FECB8DEEF186}.Debug|Any CPU.Build.0 = Debug|Any CPU
		{7E4E1F2F-87F2-C189-E44E-FECB8DEEF186}.Debug|x64.ActiveCfg = Debug|Any CPU
		{7E4E1F2F-87F2-C189-E44E-FECB8DEEF186}.Debug|x64.Build.0 = Debug|Any CPU
		{7E4E1F2F-87F2-C189-E44E-FECB8DEEF186}.Debug|x86.ActiveCfg = Debug|Any CPU
		{7E4E1F2F-87F2-C189-E44E-FECB8DEEF186}.Debug|x86.Build.0 = Debug|Any CPU
		{7E4E1F2F-87F2-C189-E44E-FECB8DEEF186}.Release|Any CPU.ActiveCfg = Release|Any CPU
		{7E4E1F2F-87F2-C189-E44E-FECB8DEEF186}.Release|Any CPU.Build.0 = Release|Any CPU
		{7E4E1F2F-87F2-C189-E44E-FECB8DEEF186}.Release|x64.ActiveCfg = Release|Any CPU
		{7E4E1F2F-87F2-C189-E44E-FECB8DEEF186}.Release|x64.Build.0 = Release|Any CPU
		{7E4E1F2F-87F2-C189-E44E-FECB8DEEF186}.Release|x86.ActiveCfg = Release|Any CPU
		{7E4E1F2F-87F2-C189-E44E-FECB8DEEF186}.Release|x86.Build.0 = Release|Any CPU
		{F794049E-C15F-499F-BEC1-F4C0FDB28607}.Debug|Any CPU.ActiveCfg = Debug|Any CPU
		{F794049E-C15F-499F-BEC1-F4C0FDB28607}.Debug|Any CPU.Build.0 = Debug|Any CPU
		{F794049E-C15F-499F-BEC1-F4C0FDB28607}.Debug|x64.ActiveCfg = Debug|Any CPU
		{F794049E-C15F-499F-BEC1-F4C0FDB28607}.Debug|x64.Build.0 = Debug|Any CPU
		{F794049E-C15F-499F-BEC1-F4C0FDB28607}.Debug|x86.ActiveCfg = Debug|Any CPU
		{F794049E-C15F-499F-BEC1-F4C0FDB28607}.Debug|x86.Build.0 = Debug|Any CPU
		{F794049E-C15F-499F-BEC1-F4C0FDB28607}.Release|Any CPU.ActiveCfg = Release|Any CPU
		{F794049E-C15F-499F-BEC1-F4C0FDB28607}.Release|Any CPU.Build.0 = Release|Any CPU
		{F794049E-C15F-499F-BEC1-F4C0FDB28607}.Release|x64.ActiveCfg = Release|Any CPU
		{F794049E-C15F-499F-BEC1-F4C0FDB28607}.Release|x64.Build.0 = Release|Any CPU
		{F794049E-C15F-499F-BEC1-F4C0FDB28607}.Release|x86.ActiveCfg = Release|Any CPU
		{F794049E-C15F-499F-BEC1-F4C0FDB28607}.Release|x86.Build.0 = Release|Any CPU
		{4DC55415-E9ED-4C52-9E35-BFF68C71070C}.Debug|Any CPU.ActiveCfg = Debug|Any CPU
		{4DC55415-E9ED-4C52-9E35-BFF68C71070C}.Debug|Any CPU.Build.0 = Debug|Any CPU
		{4DC55415-E9ED-4C52-9E35-BFF68C71070C}.Debug|x64.ActiveCfg = Debug|Any CPU
		{4DC55415-E9ED-4C52-9E35-BFF68C71070C}.Debug|x64.Build.0 = Debug|Any CPU
		{4DC55415-E9ED-4C52-9E35-BFF68C71070C}.Debug|x86.ActiveCfg = Debug|Any CPU
		{4DC55415-E9ED-4C52-9E35-BFF68C71070C}.Debug|x86.Build.0 = Debug|Any CPU
		{4DC55415-E9ED-4C52-9E35-BFF68C71070C}.Release|Any CPU.ActiveCfg = Release|Any CPU
		{4DC55415-E9ED-4C52-9E35-BFF68C71070C}.Release|Any CPU.Build.0 = Release|Any CPU
		{4DC55415-E9ED-4C52-9E35-BFF68C71070C}.Release|x64.ActiveCfg = Release|Any CPU
		{4DC55415-E9ED-4C52-9E35-BFF68C71070C}.Release|x64.Build.0 = Release|Any CPU
		{4DC55415-E9ED-4C52-9E35-BFF68C71070C}.Release|x86.ActiveCfg = Release|Any CPU
		{4DC55415-E9ED-4C52-9E35-BFF68C71070C}.Release|x86.Build.0 = Release|Any CPU
		{0A1B4146-D99A-4F36-A14A-DBF1812D7094}.Debug|Any CPU.ActiveCfg = Debug|Any CPU
		{0A1B4146-D99A-4F36-A14A-DBF1812D7094}.Debug|Any CPU.Build.0 = Debug|Any CPU
		{0A1B4146-D99A-4F36-A14A-DBF1812D7094}.Debug|x64.ActiveCfg = Debug|Any CPU
		{0A1B4146-D99A-4F36-A14A-DBF1812D7094}.Debug|x64.Build.0 = Debug|Any CPU
		{0A1B4146-D99A-4F36-A14A-DBF1812D7094}.Debug|x86.ActiveCfg = Debug|Any CPU
		{0A1B4146-D99A-4F36-A14A-DBF1812D7094}.Debug|x86.Build.0 = Debug|Any CPU
		{0A1B4146-D99A-4F36-A14A-DBF1812D7094}.Release|Any CPU.ActiveCfg = Release|Any CPU
		{0A1B4146-D99A-4F36-A14A-DBF1812D7094}.Release|Any CPU.Build.0 = Release|Any CPU
		{0A1B4146-D99A-4F36-A14A-DBF1812D7094}.Release|x64.ActiveCfg = Release|Any CPU
		{0A1B4146-D99A-4F36-A14A-DBF1812D7094}.Release|x64.Build.0 = Release|Any CPU
		{0A1B4146-D99A-4F36-A14A-DBF1812D7094}.Release|x86.ActiveCfg = Release|Any CPU
		{0A1B4146-D99A-4F36-A14A-DBF1812D7094}.Release|x86.Build.0 = Release|Any CPU
		{DA3B6CF9-EC99-445D-AECB-6BA93E634201}.Debug|Any CPU.ActiveCfg = Debug|Any CPU
		{DA3B6CF9-EC99-445D-AECB-6BA93E634201}.Debug|Any CPU.Build.0 = Debug|Any CPU
		{DA3B6CF9-EC99-445D-AECB-6BA93E634201}.Debug|x64.ActiveCfg = Debug|Any CPU
		{DA3B6CF9-EC99-445D-AECB-6BA93E634201}.Debug|x64.Build.0 = Debug|Any CPU
		{DA3B6CF9-EC99-445D-AECB-6BA93E634201}.Debug|x86.ActiveCfg = Debug|Any CPU
		{DA3B6CF9-EC99-445D-AECB-6BA93E634201}.Debug|x86.Build.0 = Debug|Any CPU
		{DA3B6CF9-EC99-445D-AECB-6BA93E634201}.Release|Any CPU.ActiveCfg = Release|Any CPU
		{DA3B6CF9-EC99-445D-AECB-6BA93E634201}.Release|Any CPU.Build.0 = Release|Any CPU
		{DA3B6CF9-EC99-445D-AECB-6BA93E634201}.Release|x64.ActiveCfg = Release|Any CPU
		{DA3B6CF9-EC99-445D-AECB-6BA93E634201}.Release|x64.Build.0 = Release|Any CPU
		{DA3B6CF9-EC99-445D-AECB-6BA93E634201}.Release|x86.ActiveCfg = Release|Any CPU
		{DA3B6CF9-EC99-445D-AECB-6BA93E634201}.Release|x86.Build.0 = Release|Any CPU
		{8453C9BE-401D-4200-8AC2-1DD548095534}.Debug|Any CPU.ActiveCfg = Debug|Any CPU
		{8453C9BE-401D-4200-8AC2-1DD548095534}.Debug|Any CPU.Build.0 = Debug|Any CPU
		{8453C9BE-401D-4200-8AC2-1DD548095534}.Debug|x64.ActiveCfg = Debug|Any CPU
		{8453C9BE-401D-4200-8AC2-1DD548095534}.Debug|x64.Build.0 = Debug|Any CPU
		{8453C9BE-401D-4200-8AC2-1DD548095534}.Debug|x86.ActiveCfg = Debug|Any CPU
		{8453C9BE-401D-4200-8AC2-1DD548095534}.Debug|x86.Build.0 = Debug|Any CPU
		{8453C9BE-401D-4200-8AC2-1DD548095534}.Release|Any CPU.ActiveCfg = Release|Any CPU
		{8453C9BE-401D-4200-8AC2-1DD548095534}.Release|Any CPU.Build.0 = Release|Any CPU
		{8453C9BE-401D-4200-8AC2-1DD548095534}.Release|x64.ActiveCfg = Release|Any CPU
		{8453C9BE-401D-4200-8AC2-1DD548095534}.Release|x64.Build.0 = Release|Any CPU
		{8453C9BE-401D-4200-8AC2-1DD548095534}.Release|x86.ActiveCfg = Release|Any CPU
		{8453C9BE-401D-4200-8AC2-1DD548095534}.Release|x86.Build.0 = Release|Any CPU
		{FA6FDDB6-956D-4FE6-897C-858D375C5239}.Debug|Any CPU.ActiveCfg = Debug|Any CPU
		{FA6FDDB6-956D-4FE6-897C-858D375C5239}.Debug|Any CPU.Build.0 = Debug|Any CPU
		{FA6FDDB6-956D-4FE6-897C-858D375C5239}.Debug|x64.ActiveCfg = Debug|Any CPU
		{FA6FDDB6-956D-4FE6-897C-858D375C5239}.Debug|x64.Build.0 = Debug|Any CPU
		{FA6FDDB6-956D-4FE6-897C-858D375C5239}.Debug|x86.ActiveCfg = Debug|Any CPU
		{FA6FDDB6-956D-4FE6-897C-858D375C5239}.Debug|x86.Build.0 = Debug|Any CPU
		{FA6FDDB6-956D-4FE6-897C-858D375C5239}.Release|Any CPU.ActiveCfg = Release|Any CPU
		{FA6FDDB6-956D-4FE6-897C-858D375C5239}.Release|Any CPU.Build.0 = Release|Any CPU
		{FA6FDDB6-956D-4FE6-897C-858D375C5239}.Release|x64.ActiveCfg = Release|Any CPU
		{FA6FDDB6-956D-4FE6-897C-858D375C5239}.Release|x64.Build.0 = Release|Any CPU
		{FA6FDDB6-956D-4FE6-897C-858D375C5239}.Release|x86.ActiveCfg = Release|Any CPU
		{FA6FDDB6-956D-4FE6-897C-858D375C5239}.Release|x86.Build.0 = Release|Any CPU
		{C6AB5E9B-4582-4BAD-AEBC-D86AF108840A}.Debug|Any CPU.ActiveCfg = Debug|Any CPU
		{C6AB5E9B-4582-4BAD-AEBC-D86AF108840A}.Debug|Any CPU.Build.0 = Debug|Any CPU
		{C6AB5E9B-4582-4BAD-AEBC-D86AF108840A}.Debug|x64.ActiveCfg = Debug|Any CPU
		{C6AB5E9B-4582-4BAD-AEBC-D86AF108840A}.Debug|x64.Build.0 = Debug|Any CPU
		{C6AB5E9B-4582-4BAD-AEBC-D86AF108840A}.Debug|x86.ActiveCfg = Debug|Any CPU
		{C6AB5E9B-4582-4BAD-AEBC-D86AF108840A}.Debug|x86.Build.0 = Debug|Any CPU
		{C6AB5E9B-4582-4BAD-AEBC-D86AF108840A}.Release|Any CPU.ActiveCfg = Release|Any CPU
		{C6AB5E9B-4582-4BAD-AEBC-D86AF108840A}.Release|Any CPU.Build.0 = Release|Any CPU
		{C6AB5E9B-4582-4BAD-AEBC-D86AF108840A}.Release|x64.ActiveCfg = Release|Any CPU
		{C6AB5E9B-4582-4BAD-AEBC-D86AF108840A}.Release|x64.Build.0 = Release|Any CPU
		{C6AB5E9B-4582-4BAD-AEBC-D86AF108840A}.Release|x86.ActiveCfg = Release|Any CPU
		{C6AB5E9B-4582-4BAD-AEBC-D86AF108840A}.Release|x86.Build.0 = Release|Any CPU
		{671F823A-B6B7-4A7C-94F5-4BD0561C519D}.Debug|Any CPU.ActiveCfg = Debug|Any CPU
		{671F823A-B6B7-4A7C-94F5-4BD0561C519D}.Debug|Any CPU.Build.0 = Debug|Any CPU
		{671F823A-B6B7-4A7C-94F5-4BD0561C519D}.Debug|x64.ActiveCfg = Debug|Any CPU
		{671F823A-B6B7-4A7C-94F5-4BD0561C519D}.Debug|x64.Build.0 = Debug|Any CPU
		{671F823A-B6B7-4A7C-94F5-4BD0561C519D}.Debug|x86.ActiveCfg = Debug|Any CPU
		{671F823A-B6B7-4A7C-94F5-4BD0561C519D}.Debug|x86.Build.0 = Debug|Any CPU
		{671F823A-B6B7-4A7C-94F5-4BD0561C519D}.Release|Any CPU.ActiveCfg = Release|Any CPU
		{671F823A-B6B7-4A7C-94F5-4BD0561C519D}.Release|Any CPU.Build.0 = Release|Any CPU
		{671F823A-B6B7-4A7C-94F5-4BD0561C519D}.Release|x64.ActiveCfg = Release|Any CPU
		{671F823A-B6B7-4A7C-94F5-4BD0561C519D}.Release|x64.Build.0 = Release|Any CPU
		{671F823A-B6B7-4A7C-94F5-4BD0561C519D}.Release|x86.ActiveCfg = Release|Any CPU
		{671F823A-B6B7-4A7C-94F5-4BD0561C519D}.Release|x86.Build.0 = Release|Any CPU
		{047D46D2-3134-4B87-AAE2-4DC224B28E1A}.Debug|Any CPU.ActiveCfg = Debug|Any CPU
		{047D46D2-3134-4B87-AAE2-4DC224B28E1A}.Debug|Any CPU.Build.0 = Debug|Any CPU
		{047D46D2-3134-4B87-AAE2-4DC224B28E1A}.Debug|x64.ActiveCfg = Debug|Any CPU
		{047D46D2-3134-4B87-AAE2-4DC224B28E1A}.Debug|x64.Build.0 = Debug|Any CPU
		{047D46D2-3134-4B87-AAE2-4DC224B28E1A}.Debug|x86.ActiveCfg = Debug|Any CPU
		{047D46D2-3134-4B87-AAE2-4DC224B28E1A}.Debug|x86.Build.0 = Debug|Any CPU
		{047D46D2-3134-4B87-AAE2-4DC224B28E1A}.Release|Any CPU.ActiveCfg = Release|Any CPU
		{047D46D2-3134-4B87-AAE2-4DC224B28E1A}.Release|Any CPU.Build.0 = Release|Any CPU
		{047D46D2-3134-4B87-AAE2-4DC224B28E1A}.Release|x64.ActiveCfg = Release|Any CPU
		{047D46D2-3134-4B87-AAE2-4DC224B28E1A}.Release|x64.Build.0 = Release|Any CPU
		{047D46D2-3134-4B87-AAE2-4DC224B28E1A}.Release|x86.ActiveCfg = Release|Any CPU
		{047D46D2-3134-4B87-AAE2-4DC224B28E1A}.Release|x86.Build.0 = Release|Any CPU
		{5BC6DA47-FA94-424A-81DD-CF8D2CFC5D45}.Debug|Any CPU.ActiveCfg = Debug|Any CPU
		{5BC6DA47-FA94-424A-81DD-CF8D2CFC5D45}.Debug|Any CPU.Build.0 = Debug|Any CPU
		{5BC6DA47-FA94-424A-81DD-CF8D2CFC5D45}.Debug|x64.ActiveCfg = Debug|Any CPU
		{5BC6DA47-FA94-424A-81DD-CF8D2CFC5D45}.Debug|x64.Build.0 = Debug|Any CPU
		{5BC6DA47-FA94-424A-81DD-CF8D2CFC5D45}.Debug|x86.ActiveCfg = Debug|Any CPU
		{5BC6DA47-FA94-424A-81DD-CF8D2CFC5D45}.Debug|x86.Build.0 = Debug|Any CPU
		{5BC6DA47-FA94-424A-81DD-CF8D2CFC5D45}.Release|Any CPU.ActiveCfg = Release|Any CPU
		{5BC6DA47-FA94-424A-81DD-CF8D2CFC5D45}.Release|Any CPU.Build.0 = Release|Any CPU
		{5BC6DA47-FA94-424A-81DD-CF8D2CFC5D45}.Release|x64.ActiveCfg = Release|Any CPU
		{5BC6DA47-FA94-424A-81DD-CF8D2CFC5D45}.Release|x64.Build.0 = Release|Any CPU
		{5BC6DA47-FA94-424A-81DD-CF8D2CFC5D45}.Release|x86.ActiveCfg = Release|Any CPU
		{5BC6DA47-FA94-424A-81DD-CF8D2CFC5D45}.Release|x86.Build.0 = Release|Any CPU
		{37B70C4C-2781-4143-B7BB-454E96483897}.Debug|Any CPU.ActiveCfg = Debug|Any CPU
		{37B70C4C-2781-4143-B7BB-454E96483897}.Debug|Any CPU.Build.0 = Debug|Any CPU
		{37B70C4C-2781-4143-B7BB-454E96483897}.Debug|x64.ActiveCfg = Debug|Any CPU
		{37B70C4C-2781-4143-B7BB-454E96483897}.Debug|x64.Build.0 = Debug|Any CPU
		{37B70C4C-2781-4143-B7BB-454E96483897}.Debug|x86.ActiveCfg = Debug|Any CPU
		{37B70C4C-2781-4143-B7BB-454E96483897}.Debug|x86.Build.0 = Debug|Any CPU
		{37B70C4C-2781-4143-B7BB-454E96483897}.Release|Any CPU.ActiveCfg = Release|Any CPU
		{37B70C4C-2781-4143-B7BB-454E96483897}.Release|Any CPU.Build.0 = Release|Any CPU
		{37B70C4C-2781-4143-B7BB-454E96483897}.Release|x64.ActiveCfg = Release|Any CPU
		{37B70C4C-2781-4143-B7BB-454E96483897}.Release|x64.Build.0 = Release|Any CPU
		{37B70C4C-2781-4143-B7BB-454E96483897}.Release|x86.ActiveCfg = Release|Any CPU
		{37B70C4C-2781-4143-B7BB-454E96483897}.Release|x86.Build.0 = Release|Any CPU
	EndGlobalSection
	GlobalSection(SolutionProperties) = preSolution
		HideSolutionNode = FALSE
	EndGlobalSection
	GlobalSection(NestedProjects) = preSolution
		{A1B2C3D4-E5F6-7890-ABCD-EF1234567890} = {11111111-1111-1111-1111-111111111111}
		{B2C3D4E5-F6A7-8901-BCDE-F12345678901} = {11111111-1111-1111-1111-111111111111}
		{C3D4E5F6-A7B8-9012-CDEF-123456789012} = {22222222-2222-2222-2222-222222222222}
		{7E4E1F2F-87F2-C189-E44E-FECB8DEEF186} = {22222222-2222-2222-2222-222222222222}
		{F794049E-C15F-499F-BEC1-F4C0FDB28607} = {11111111-1111-1111-1111-111111111111}
		{4DC55415-E9ED-4C52-9E35-BFF68C71070C} = {22222222-2222-2222-2222-222222222222}
		{0A1B4146-D99A-4F36-A14A-DBF1812D7094} = {11111111-1111-1111-1111-111111111111}
		{DA3B6CF9-EC99-445D-AECB-6BA93E634201} = {11111111-1111-1111-1111-111111111111}
		{8453C9BE-401D-4200-8AC2-1DD548095534} = {22222222-2222-2222-2222-222222222222}
		{1B33C862-9725-3B8F-EC9B-8486E0D9FC1E} = {5D20AA90-6969-D8BD-9DCD-8634F4692FDA}
		{FA6FDDB6-956D-4FE6-897C-858D375C5239} = {1B33C862-9725-3B8F-EC9B-8486E0D9FC1E}
		{315CA803-6594-2960-E914-1C74C996C958} = {5D20AA90-6969-D8BD-9DCD-8634F4692FDA}
		{C6AB5E9B-4582-4BAD-AEBC-D86AF108840A} = {315CA803-6594-2960-E914-1C74C996C958}
		{671F823A-B6B7-4A7C-94F5-4BD0561C519D} = {315CA803-6594-2960-E914-1C74C996C958}
		{047D46D2-3134-4B87-AAE2-4DC224B28E1A} = {315CA803-6594-2960-E914-1C74C996C958}
		{55BA3547-3470-CD79-59FF-90D2902A6C7A} = {5D20AA90-6969-D8BD-9DCD-8634F4692FDA}
		{5BC6DA47-FA94-424A-81DD-CF8D2CFC5D45} = {55BA3547-3470-CD79-59FF-90D2902A6C7A}
		{37B70C4C-2781-4143-B7BB-454E96483897} = {55BA3547-3470-CD79-59FF-90D2902A6C7A}
	EndGlobalSection
	GlobalSection(ExtensibilityGlobals) = postSolution
		SolutionGuid = {61AEFCCA-3FFA-456E-A546-B3306CEE2CE2}
	EndGlobalSection
EndGlobal
